
Microsoft Visual Studio Solution File, Format Version 12.00
# Visual Studio Version 17
VisualStudioVersion = 17.13.35828.75 d17.13
MinimumVisualStudioVersion = 10.0.40219.1
Project("{FAE04EC0-301F-11D3-BF4B-00C04F79EFBC}") = "DBOperationsWithEFCoreApp", "DBOperationsWithEFCoreApp\DBOperationsWithEFCoreApp.csproj", "{58C85401-5977-5E83-DA9B-22F4E31C859F}"
EndProject
Project("{FAE04EC0-301F-11D3-BF4B-00C04F79EFBC}") = "DBOperationsWithEFCoreApp.AppHost", "DBOperationsWithEFCoreApp.AppHost\DBOperationsWithEFCoreApp.AppHost.csproj", "{21BFA8DF-74C2-4E41-BC34-203F706D1477}"
EndProject
Project("{FAE04EC0-301F-11D3-BF4B-00C04F79EFBC}") = "DBOperationsWithEFCoreApp.ServiceDefaults", "DBOperationsWithEFCoreApp.ServiceDefaults\DBOperationsWithEFCoreApp.ServiceDefaults.csproj", "{F7415C2D-744E-7E39-48BE-BAE83FA28A2F}"
EndProject
Global
	GlobalSection(SolutionConfigurationPlatforms) = preSolution
		Debug|Any CPU = Debug|Any CPU
		Release|Any CPU = Release|Any CPU
	EndGlobalSection
	GlobalSection(ProjectConfigurationPlatforms) = postSolution
		{58C85401-5977-5E83-DA9B-22F4E31C859F}.Debug|Any CPU.ActiveCfg = Debug|Any CPU
		{58C85401-5977-5E83-DA9B-22F4E31C859F}.Debug|Any CPU.Build.0 = Debug|Any CPU
		{58C85401-5977-5E83-DA9B-22F4E31C859F}.Release|Any CPU.ActiveCfg = Release|Any CPU
		{58C85401-5977-5E83-DA9B-22F4E31C859F}.Release|Any CPU.Build.0 = Release|Any CPU
		{21BFA8DF-74C2-4E41-BC34-203F706D1477}.Debug|Any CPU.ActiveCfg = Debug|Any CPU
		{21BFA8DF-74C2-4E41-BC34-203F706D1477}.Debug|Any CPU.Build.0 = Debug|Any CPU
		{21BFA8DF-74C2-4E41-BC34-203F706D1477}.Release|Any CPU.ActiveCfg = Release|Any CPU
		{21BFA8DF-74C2-4E41-BC34-203F706D1477}.Release|Any CPU.Build.0 = Release|Any CPU
		{F7415C2D-744E-7E39-48BE-BAE83FA28A2F}.Debug|Any CPU.ActiveCfg = Debug|Any CPU
		{F7415C2D-744E-7E39-48BE-BAE83FA28A2F}.Debug|Any CPU.Build.0 = Debug|Any CPU
		{F7415C2D-744E-7E39-48BE-BAE83FA28A2F}.Release|Any CPU.ActiveCfg = Release|Any CPU
		{F7415C2D-744E-7E39-48BE-BAE83FA28A2F}.Release|Any CPU.Build.0 = Release|Any CPU
	EndGlobalSection
	GlobalSection(SolutionProperties) = preSolution
		HideSolutionNode = FALSE
	EndGlobalSection
	GlobalSection(ExtensibilityGlobals) = postSolution
		SolutionGuid = {937E62DF-3CF6-452A-AB15-B892D771F997}
	EndGlobalSection
EndGlobal
